
Microsoft Visual Studio Solution File, Format Version 12.00
# Visual Studio Version 17
VisualStudioVersion = 17.7.34024.191
MinimumVisualStudioVersion = 10.0.40219.1
Project("{FAE04EC0-301F-11D3-BF4B-00C04F79EFBC}") = "CRAZYCOLORS", "CRAZYCOLORS\CRAZYCOLORS.csproj", "{0C822A43-A51B-40E8-B5D0-8E82CB55DA81}"
EndProject
Global
	GlobalSection(SolutionConfigurationPlatforms) = preSolution
		Debug|Any CPU = Debug|Any CPU
		Release|Any CPU = Release|Any CPU
	EndGlobalSection
	GlobalSection(ProjectConfigurationPlatforms) = postSolution
		{0C822A43-A51B-40E8-B5D0-8E82CB55DA81}.Debug|Any CPU.ActiveCfg = Debug|Any CPU
		{0C822A43-A51B-40E8-B5D0-8E82CB55DA81}.Debug|Any CPU.Build.0 = Debug|Any CPU
		{0C822A43-A51B-40E8-B5D0-8E82CB55DA81}.Release|Any CPU.ActiveCfg = Release|Any CPU
		{0C822A43-A51B-40E8-B5D0-8E82CB55DA81}.Release|Any CPU.Build.0 = Release|Any CPU
	EndGlobalSection
	GlobalSection(SolutionProperties) = preSolution
		HideSolutionNode = FALSE
	EndGlobalSection
	GlobalSection(ExtensibilityGlobals) = postSolution
		SolutionGuid = {98B96948-2A52-4C40-8D94-04CF77CA8803}
	EndGlobalSection
EndGlobal
